
Microsoft Visual Studio Solution File, Format Version 12.00
# Visual Studio 15
VisualStudioVersion = 15.0.28307.572
MinimumVisualStudioVersion = 10.0.40219.1
Project("{FAE04EC0-301F-11D3-BF4B-00C04F79EFBC}") = "Login(MVC)", "Login(MVC)\Login(MVC).csproj", "{159BA100-DA66-4308-BF77-7B490360B854}"
EndProject
Global
	GlobalSection(SolutionConfigurationPlatforms) = preSolution
		Debug|Any CPU = Debug|Any CPU
		Release|Any CPU = Release|Any CPU
	EndGlobalSection
	GlobalSection(ProjectConfigurationPlatforms) = postSolution
		{159BA100-DA66-4308-BF77-7B490360B854}.Debug|Any CPU.ActiveCfg = Debug|Any CPU
		{159BA100-DA66-4308-BF77-7B490360B854}.Debug|Any CPU.Build.0 = Debug|Any CPU
		{159BA100-DA66-4308-BF77-7B490360B854}.Release|Any CPU.ActiveCfg = Release|Any CPU
		{159BA100-DA66-4308-BF77-7B490360B854}.Release|Any CPU.Build.0 = Release|Any CPU
	EndGlobalSection
	GlobalSection(SolutionProperties) = preSolution
		HideSolutionNode = FALSE
	EndGlobalSection
	GlobalSection(ExtensibilityGlobals) = postSolution
		SolutionGuid = {1E9C2D3A-80C6-4483-A288-32614082B854}
	EndGlobalSection
EndGlobal
